// !$*UTF8*$!
{
	archiveVersion = 1;
	classes = {
	};
	objectVersion = 55;
	objects = {

/* Begin PBXBuildFile section */
		5D2D34C128337658007CBA82 /* timeHasEnded.mp3 in Resources */ = {isa = PBXBuildFile; fileRef = 5D2D34C028337658007CBA82 /* timeHasEnded.mp3 */; };
		5D3872EB27F1D8E7007B9A6C /* PomidoroApp.swift in Sources */ = {isa = PBXBuildFile; fileRef = 5D3872EA27F1D8E7007B9A6C /* PomidoroApp.swift */; };
		5D3872ED27F1D8E7007B9A6C /* ContentView.swift in Sources */ = {isa = PBXBuildFile; fileRef = 5D3872EC27F1D8E7007B9A6C /* ContentView.swift */; };
		5D3872EF27F1D8E9007B9A6C /* Assets.xcassets in Resources */ = {isa = PBXBuildFile; fileRef = 5D3872EE27F1D8E9007B9A6C /* Assets.xcassets */; };
		5D3872F227F1D8E9007B9A6C /* Preview Assets.xcassets in Resources */ = {isa = PBXBuildFile; fileRef = 5D3872F127F1D8E9007B9A6C /* Preview Assets.xcassets */; };
		5D3872FE27F1E0FF007B9A6C /* AddTaskView.swift in Sources */ = {isa = PBXBuildFile; fileRef = 5D3872FD27F1E0FF007B9A6C /* AddTaskView.swift */; };
		5D38730027F1EFA7007B9A6C /* TaskView.swift in Sources */ = {isa = PBXBuildFile; fileRef = 5D3872FF27F1EFA7007B9A6C /* TaskView.swift */; };
		5D38730527F21800007B9A6C /* TaskRow.swift in Sources */ = {isa = PBXBuildFile; fileRef = 5D38730427F21800007B9A6C /* TaskRow.swift */; };
		5D544F93282587110026877F /* TaskList.swift in Sources */ = {isa = PBXBuildFile; fileRef = 5D544F92282587110026877F /* TaskList.swift */; };
		5D544F952826632F0026877F /* Extensions.swift in Sources */ = {isa = PBXBuildFile; fileRef = 5D544F942826632F0026877F /* Extensions.swift */; };
		5D544F972826670C0026877F /* TomatoProgressBar.swift in Sources */ = {isa = PBXBuildFile; fileRef = 5D544F962826670C0026877F /* TomatoProgressBar.swift */; };
		5D544F992826AE3B0026877F /* PomidoroViewModel.swift in Sources */ = {isa = PBXBuildFile; fileRef = 5D544F982826AE3B0026877F /* PomidoroViewModel.swift */; };
		5D544F9C2826B6DD0026877F /* .gitignore in Resources */ = {isa = PBXBuildFile; fileRef = 5D544F9B2826B6DD0026877F /* .gitignore */; };
		5D681B07282828BA005A27ED /* NoteList.swift in Sources */ = {isa = PBXBuildFile; fileRef = 5D681B06282828BA005A27ED /* NoteList.swift */; };
		5D681B09282829C0005A27ED /* NotesViewModel.swift in Sources */ = {isa = PBXBuildFile; fileRef = 5D681B08282829C0005A27ED /* NotesViewModel.swift */; };
		5D6B9F9A2816F54B00F64E08 /* PomidoroView.swift in Sources */ = {isa = PBXBuildFile; fileRef = 5D6B9F992816F54B00F64E08 /* PomidoroView.swift */; };
		5D6B9F9C2816F65800F64E08 /* NotesView.swift in Sources */ = {isa = PBXBuildFile; fileRef = 5D6B9F9B2816F65800F64E08 /* NotesView.swift */; };
		5D6B9FA628184A0400F64E08 /* CheckBox.swift in Sources */ = {isa = PBXBuildFile; fileRef = 5D6B9FA528184A0400F64E08 /* CheckBox.swift */; };
		5D6B9FA828184E7900F64E08 /* DataController.swift in Sources */ = {isa = PBXBuildFile; fileRef = 5D6B9FA728184E7900F64E08 /* DataController.swift */; };
		5D6B9FAB28184EFB00F64E08 /* PomidoroAppData.xcdatamodeld in Sources */ = {isa = PBXBuildFile; fileRef = 5D6B9FA928184EFB00F64E08 /* PomidoroAppData.xcdatamodeld */; };
		5D6B9FB02818524B00F64E08 /* Note+CoreDataClass.swift in Sources */ = {isa = PBXBuildFile; fileRef = 5D6B9FAC2818524B00F64E08 /* Note+CoreDataClass.swift */; };
		5D6B9FB12818524B00F64E08 /* Note+CoreDataProperties.swift in Sources */ = {isa = PBXBuildFile; fileRef = 5D6B9FAD2818524B00F64E08 /* Note+CoreDataProperties.swift */; };
		5D993302282A7DBC006900FC /* SoundPlayer.swift in Sources */ = {isa = PBXBuildFile; fileRef = 5D993301282A7DBC006900FC /* SoundPlayer.swift */; };
		5D993304282A7F26006900FC /* CompleteSound.mp3 in Resources */ = {isa = PBXBuildFile; fileRef = 5D993303282A7F26006900FC /* CompleteSound.mp3 */; };
		5D993308282A89F1006900FC /* Task+CoreDataClass.swift in Sources */ = {isa = PBXBuildFile; fileRef = 5D993306282A89F1006900FC /* Task+CoreDataClass.swift */; };
		5D993309282A89F1006900FC /* Task+CoreDataProperties.swift in Sources */ = {isa = PBXBuildFile; fileRef = 5D993307282A89F1006900FC /* Task+CoreDataProperties.swift */; };
		5DD79FD8281965BB00254903 /* NoteRow.swift in Sources */ = {isa = PBXBuildFile; fileRef = 5DD79FD7281965BB00254903 /* NoteRow.swift */; };
		5DD79FDA281965C600254903 /* NoteView.swift in Sources */ = {isa = PBXBuildFile; fileRef = 5DD79FD9281965C600254903 /* NoteView.swift */; };
		5DD79FDC281AD6E600254903 /* UserSetting.swift in Sources */ = {isa = PBXBuildFile; fileRef = 5DD79FDB281AD6E600254903 /* UserSetting.swift */; };
		5DD79FDE282267B800254903 /* ProgressRing.swift in Sources */ = {isa = PBXBuildFile; fileRef = 5DD79FDD282267B700254903 /* ProgressRing.swift */; };
/* End PBXBuildFile section */

/* Begin PBXFileReference section */
		5D2D34C028337658007CBA82 /* timeHasEnded.mp3 */ = {isa = PBXFileReference; lastKnownFileType = audio.mp3; path = timeHasEnded.mp3; sourceTree = "<group>"; };
		5D3872E727F1D8E7007B9A6C /* Pomidoro.app */ = {isa = PBXFileReference; explicitFileType = wrapper.application; includeInIndex = 0; path = Pomidoro.app; sourceTree = BUILT_PRODUCTS_DIR; };
		5D3872EA27F1D8E7007B9A6C /* PomidoroApp.swift */ = {isa = PBXFileReference; lastKnownFileType = sourcecode.swift; path = PomidoroApp.swift; sourceTree = "<group>"; };
		5D3872EC27F1D8E7007B9A6C /* ContentView.swift */ = {isa = PBXFileReference; lastKnownFileType = sourcecode.swift; path = ContentView.swift; sourceTree = "<group>"; };
		5D3872EE27F1D8E9007B9A6C /* Assets.xcassets */ = {isa = PBXFileReference; lastKnownFileType = folder.assetcatalog; path = Assets.xcassets; sourceTree = "<group>"; };
		5D3872F127F1D8E9007B9A6C /* Preview Assets.xcassets */ = {isa = PBXFileReference; lastKnownFileType = folder.assetcatalog; path = "Preview Assets.xcassets"; sourceTree = "<group>"; };
		5D3872FD27F1E0FF007B9A6C /* AddTaskView.swift */ = {isa = PBXFileReference; lastKnownFileType = sourcecode.swift; path = AddTaskView.swift; sourceTree = "<group>"; };
		5D3872FF27F1EFA7007B9A6C /* TaskView.swift */ = {isa = PBXFileReference; lastKnownFileType = sourcecode.swift; path = TaskView.swift; sourceTree = "<group>"; };
		5D38730427F21800007B9A6C /* TaskRow.swift */ = {isa = PBXFileReference; lastKnownFileType = sourcecode.swift; path = TaskRow.swift; sourceTree = "<group>"; };
		5D544F92282587110026877F /* TaskList.swift */ = {isa = PBXFileReference; lastKnownFileType = sourcecode.swift; path = TaskList.swift; sourceTree = "<group>"; };
		5D544F942826632F0026877F /* Extensions.swift */ = {isa = PBXFileReference; lastKnownFileType = sourcecode.swift; path = Extensions.swift; sourceTree = "<group>"; };
		5D544F962826670C0026877F /* TomatoProgressBar.swift */ = {isa = PBXFileReference; lastKnownFileType = sourcecode.swift; path = TomatoProgressBar.swift; sourceTree = "<group>"; };
		5D544F982826AE3B0026877F /* PomidoroViewModel.swift */ = {isa = PBXFileReference; lastKnownFileType = sourcecode.swift; path = PomidoroViewModel.swift; sourceTree = "<group>"; };
		5D544F9B2826B6DD0026877F /* .gitignore */ = {isa = PBXFileReference; lastKnownFileType = text; path = .gitignore; sourceTree = "<group>"; };
		5D681B06282828BA005A27ED /* NoteList.swift */ = {isa = PBXFileReference; lastKnownFileType = sourcecode.swift; path = NoteList.swift; sourceTree = "<group>"; };
		5D681B08282829C0005A27ED /* NotesViewModel.swift */ = {isa = PBXFileReference; lastKnownFileType = sourcecode.swift; path = NotesViewModel.swift; sourceTree = "<group>"; };
		5D6B9F992816F54B00F64E08 /* PomidoroView.swift */ = {isa = PBXFileReference; lastKnownFileType = sourcecode.swift; path = PomidoroView.swift; sourceTree = "<group>"; };
		5D6B9F9B2816F65800F64E08 /* NotesView.swift */ = {isa = PBXFileReference; lastKnownFileType = sourcecode.swift; path = NotesView.swift; sourceTree = "<group>"; };
		5D6B9FA528184A0400F64E08 /* CheckBox.swift */ = {isa = PBXFileReference; lastKnownFileType = sourcecode.swift; path = CheckBox.swift; sourceTree = "<group>"; };
		5D6B9FA728184E7900F64E08 /* DataController.swift */ = {isa = PBXFileReference; lastKnownFileType = sourcecode.swift; path = DataController.swift; sourceTree = "<group>"; };
		5D6B9FAA28184EFB00F64E08 /* PomidoroAppData.xcdatamodel */ = {isa = PBXFileReference; lastKnownFileType = wrapper.xcdatamodel; path = PomidoroAppData.xcdatamodel; sourceTree = "<group>"; };
		5D6B9FAC2818524B00F64E08 /* Note+CoreDataClass.swift */ = {isa = PBXFileReference; lastKnownFileType = sourcecode.swift; name = "Note+CoreDataClass.swift"; path = "Pomidoro/Model/Note+CoreDataClass.swift"; sourceTree = SOURCE_ROOT; };
		5D6B9FAD2818524B00F64E08 /* Note+CoreDataProperties.swift */ = {isa = PBXFileReference; lastKnownFileType = sourcecode.swift; name = "Note+CoreDataProperties.swift"; path = "Pomidoro/Model/Note+CoreDataProperties.swift"; sourceTree = SOURCE_ROOT; };
		5D993301282A7DBC006900FC /* SoundPlayer.swift */ = {isa = PBXFileReference; lastKnownFileType = sourcecode.swift; path = SoundPlayer.swift; sourceTree = "<group>"; };
		5D993303282A7F26006900FC /* CompleteSound.mp3 */ = {isa = PBXFileReference; lastKnownFileType = audio.mp3; path = CompleteSound.mp3; sourceTree = "<group>"; };
		5D993306282A89F1006900FC /* Task+CoreDataClass.swift */ = {isa = PBXFileReference; lastKnownFileType = sourcecode.swift; name = "Task+CoreDataClass.swift"; path = "Pomidoro/Model/Task+CoreDataClass.swift"; sourceTree = SOURCE_ROOT; };
		5D993307282A89F1006900FC /* Task+CoreDataProperties.swift */ = {isa = PBXFileReference; lastKnownFileType = sourcecode.swift; name = "Task+CoreDataProperties.swift"; path = "Pomidoro/Model/Task+CoreDataProperties.swift"; sourceTree = SOURCE_ROOT; };
		5DD79FD7281965BB00254903 /* NoteRow.swift */ = {isa = PBXFileReference; lastKnownFileType = sourcecode.swift; path = NoteRow.swift; sourceTree = "<group>"; };
		5DD79FD9281965C600254903 /* NoteView.swift */ = {isa = PBXFileReference; lastKnownFileType = sourcecode.swift; path = NoteView.swift; sourceTree = "<group>"; };
		5DD79FDB281AD6E600254903 /* UserSetting.swift */ = {isa = PBXFileReference; lastKnownFileType = sourcecode.swift; path = UserSetting.swift; sourceTree = "<group>"; };
		5DD79FDD282267B700254903 /* ProgressRing.swift */ = {isa = PBXFileReference; lastKnownFileType = sourcecode.swift; path = ProgressRing.swift; sourceTree = "<group>"; };
/* End PBXFileReference section */

/* Begin PBXFrameworksBuildPhase section */
		5D3872E427F1D8E7007B9A6C /* Frameworks */ = {
			isa = PBXFrameworksBuildPhase;
			buildActionMask = 2147483647;
			files = (
			);
			runOnlyForDeploymentPostprocessing = 0;
		};
/* End PBXFrameworksBuildPhase section */

/* Begin PBXGroup section */
		5D3872DE27F1D8E7007B9A6C = {
			isa = PBXGroup;
			children = (
				5D544F9B2826B6DD0026877F /* .gitignore */,
				5D3872E927F1D8E7007B9A6C /* Pomidoro */,
				5D3872E827F1D8E7007B9A6C /* Products */,
			);
			sourceTree = "<group>";
		};
		5D3872E827F1D8E7007B9A6C /* Products */ = {
			isa = PBXGroup;
			children = (
				5D3872E727F1D8E7007B9A6C /* Pomidoro.app */,
			);
			name = Products;
			sourceTree = "<group>";
		};
		5D3872E927F1D8E7007B9A6C /* Pomidoro */ = {
			isa = PBXGroup;
			children = (
				5D993305282A7F2E006900FC /* Resources */,
				5D3872EA27F1D8E7007B9A6C /* PomidoroApp.swift */,
				5D544F942826632F0026877F /* Extensions.swift */,
				5D544F9A2826AE460026877F /* ViewModel */,
				5D38730127F1F30B007B9A6C /* View */,
				5D3872FA27F1DBF7007B9A6C /* Model */,
				5D3872EE27F1D8E9007B9A6C /* Assets.xcassets */,
				5D3872F027F1D8E9007B9A6C /* Preview Content */,
			);
			path = Pomidoro;
			sourceTree = "<group>";
		};
		5D3872F027F1D8E9007B9A6C /* Preview Content */ = {
			isa = PBXGroup;
			children = (
				5D3872F127F1D8E9007B9A6C /* Preview Assets.xcassets */,
			);
			path = "Preview Content";
			sourceTree = "<group>";
		};
		5D3872FA27F1DBF7007B9A6C /* Model */ = {
			isa = PBXGroup;
			children = (
				5D6B9FA728184E7900F64E08 /* DataController.swift */,
				5D993301282A7DBC006900FC /* SoundPlayer.swift */,
				5D6B9FAC2818524B00F64E08 /* Note+CoreDataClass.swift */,
				5D6B9FAD2818524B00F64E08 /* Note+CoreDataProperties.swift */,
				5D993306282A89F1006900FC /* Task+CoreDataClass.swift */,
				5D993307282A89F1006900FC /* Task+CoreDataProperties.swift */,
				5D6B9FA928184EFB00F64E08 /* PomidoroAppData.xcdatamodeld */,
				5DD79FDB281AD6E600254903 /* UserSetting.swift */,
			);
			path = Model;
			sourceTree = "<group>";
		};
		5D38730127F1F30B007B9A6C /* View */ = {
			isa = PBXGroup;
			children = (
				5D3872EC27F1D8E7007B9A6C /* ContentView.swift */,
				5DD79FD52818724B00254903 /* Pomidoro */,
				5DD79FD62818725700254903 /* Notes */,
			);
			path = View;
			sourceTree = "<group>";
		};
		5D544F9A2826AE460026877F /* ViewModel */ = {
			isa = PBXGroup;
			children = (
				5D544F982826AE3B0026877F /* PomidoroViewModel.swift */,
				5D681B08282829C0005A27ED /* NotesViewModel.swift */,
			);
			path = ViewModel;
			sourceTree = "<group>";
		};
		5D993305282A7F2E006900FC /* Resources */ = {
			isa = PBXGroup;
			children = (
				5D2D34C028337658007CBA82 /* timeHasEnded.mp3 */,
				5D993303282A7F26006900FC /* CompleteSound.mp3 */,
			);
			name = Resources;
			sourceTree = "<group>";
		};
		5DD79FD52818724B00254903 /* Pomidoro */ = {
			isa = PBXGroup;
			children = (
				5D6B9F992816F54B00F64E08 /* PomidoroView.swift */,
				5D38730427F21800007B9A6C /* TaskRow.swift */,
				5D544F92282587110026877F /* TaskList.swift */,
				5D3872FF27F1EFA7007B9A6C /* TaskView.swift */,
				5D3872FD27F1E0FF007B9A6C /* AddTaskView.swift */,
				5DD79FDD282267B700254903 /* ProgressRing.swift */,
				5D6B9FA528184A0400F64E08 /* CheckBox.swift */,
				5D544F962826670C0026877F /* TomatoProgressBar.swift */,
			);
			path = Pomidoro;
			sourceTree = "<group>";
		};
		5DD79FD62818725700254903 /* Notes */ = {
			isa = PBXGroup;
			children = (
				5D6B9F9B2816F65800F64E08 /* NotesView.swift */,
				5DD79FD7281965BB00254903 /* NoteRow.swift */,
				5DD79FD9281965C600254903 /* NoteView.swift */,
				5D681B06282828BA005A27ED /* NoteList.swift */,
			);
			path = Notes;
			sourceTree = "<group>";
		};
/* End PBXGroup section */

/* Begin PBXNativeTarget section */
		5D3872E627F1D8E7007B9A6C /* Pomidoro */ = {
			isa = PBXNativeTarget;
			buildConfigurationList = 5D3872F527F1D8E9007B9A6C /* Build configuration list for PBXNativeTarget "Pomidoro" */;
			buildPhases = (
				5D3872E327F1D8E7007B9A6C /* Sources */,
				5D3872E427F1D8E7007B9A6C /* Frameworks */,
				5D3872E527F1D8E7007B9A6C /* Resources */,
				5DB1CF152827169600CD94A1 /* ShellScript */,
			);
			buildRules = (
			);
			dependencies = (
			);
			name = Pomidoro;
			productName = Pomidoro;
			productReference = 5D3872E727F1D8E7007B9A6C /* Pomidoro.app */;
			productType = "com.apple.product-type.application";
		};
/* End PBXNativeTarget section */

/* Begin PBXProject section */
		5D3872DF27F1D8E7007B9A6C /* Project object */ = {
			isa = PBXProject;
			attributes = {
				BuildIndependentTargetsInParallel = 1;
				LastSwiftUpdateCheck = 1330;
				LastUpgradeCheck = 1330;
				TargetAttributes = {
					5D3872E627F1D8E7007B9A6C = {
						CreatedOnToolsVersion = 13.3;
					};
				};
			};
			buildConfigurationList = 5D3872E227F1D8E7007B9A6C /* Build configuration list for PBXProject "Pomidoro" */;
			compatibilityVersion = "Xcode 13.0";
			developmentRegion = en;
			hasScannedForEncodings = 0;
			knownRegions = (
				en,
				Base,
			);
			mainGroup = 5D3872DE27F1D8E7007B9A6C;
			productRefGroup = 5D3872E827F1D8E7007B9A6C /* Products */;
			projectDirPath = "";
			projectRoot = "";
			targets = (
				5D3872E627F1D8E7007B9A6C /* Pomidoro */,
			);
		};
/* End PBXProject section */

/* Begin PBXResourcesBuildPhase section */
		5D3872E527F1D8E7007B9A6C /* Resources */ = {
			isa = PBXResourcesBuildPhase;
			buildActionMask = 2147483647;
			files = (
				5D3872F227F1D8E9007B9A6C /* Preview Assets.xcassets in Resources */,
				5D993304282A7F26006900FC /* CompleteSound.mp3 in Resources */,
				5D544F9C2826B6DD0026877F /* .gitignore in Resources */,
				5D3872EF27F1D8E9007B9A6C /* Assets.xcassets in Resources */,
				5D2D34C128337658007CBA82 /* timeHasEnded.mp3 in Resources */,
			);
			runOnlyForDeploymentPostprocessing = 0;
		};
/* End PBXResourcesBuildPhase section */

/* Begin PBXShellScriptBuildPhase section */
		5DB1CF152827169600CD94A1 /* ShellScript */ = {
			isa = PBXShellScriptBuildPhase;
			buildActionMask = 2147483647;
			files = (
			);
			inputFileListPaths = (
			);
			inputPaths = (
			);
			outputFileListPaths = (
			);
			outputPaths = (
			);
			runOnlyForDeploymentPostprocessing = 0;
			shellPath = /bin/sh;
			shellScript = "export PATH=\"$PATH:/opt/homebrew/bin\"\nif which swiftlint > /dev/null; then\n swiftlint autocorrect\nelse\n  echo \"warning: SwiftLint not installed, download from https://github.com/realm/SwiftLint\"\nfi\n";
		};
/* End PBXShellScriptBuildPhase section */

/* Begin PBXSourcesBuildPhase section */
		5D3872E327F1D8E7007B9A6C /* Sources */ = {
			isa = PBXSourcesBuildPhase;
			buildActionMask = 2147483647;
			files = (
				5D993302282A7DBC006900FC /* SoundPlayer.swift in Sources */,
				5D6B9FA828184E7900F64E08 /* DataController.swift in Sources */,
				5D3872FE27F1E0FF007B9A6C /* AddTaskView.swift in Sources */,
				5D6B9FB12818524B00F64E08 /* Note+CoreDataProperties.swift in Sources */,
				5DD79FDE282267B800254903 /* ProgressRing.swift in Sources */,
				5D3872ED27F1D8E7007B9A6C /* ContentView.swift in Sources */,
				5D544F992826AE3B0026877F /* PomidoroViewModel.swift in Sources */,
				5DD79FD8281965BB00254903 /* NoteRow.swift in Sources */,
				5D993308282A89F1006900FC /* Task+CoreDataClass.swift in Sources */,
				5DD79FDC281AD6E600254903 /* UserSetting.swift in Sources */,
				5D38730527F21800007B9A6C /* TaskRow.swift in Sources */,
				5D681B09282829C0005A27ED /* NotesViewModel.swift in Sources */,
				5D681B07282828BA005A27ED /* NoteList.swift in Sources */,
				5D38730027F1EFA7007B9A6C /* TaskView.swift in Sources */,
				5D6B9F9C2816F65800F64E08 /* NotesView.swift in Sources */,
				5D544F972826670C0026877F /* TomatoProgressBar.swift in Sources */,
				5D993309282A89F1006900FC /* Task+CoreDataProperties.swift in Sources */,
				5D6B9FA628184A0400F64E08 /* CheckBox.swift in Sources */,
				5D6B9FAB28184EFB00F64E08 /* PomidoroAppData.xcdatamodeld in Sources */,
				5DD79FDA281965C600254903 /* NoteView.swift in Sources */,
				5D6B9FB02818524B00F64E08 /* Note+CoreDataClass.swift in Sources */,
				5D544F93282587110026877F /* TaskList.swift in Sources */,
				5D544F952826632F0026877F /* Extensions.swift in Sources */,
				5D6B9F9A2816F54B00F64E08 /* PomidoroView.swift in Sources */,
				5D3872EB27F1D8E7007B9A6C /* PomidoroApp.swift in Sources */,
			);
			runOnlyForDeploymentPostprocessing = 0;
		};
/* End PBXSourcesBuildPhase section */

/* Begin XCBuildConfiguration section */
		5D3872F327F1D8E9007B9A6C /* Debug */ = {
			isa = XCBuildConfiguration;
			buildSettings = {
				ALWAYS_SEARCH_USER_PATHS = NO;
				CLANG_ANALYZER_NONNULL = YES;
				CLANG_ANALYZER_NUMBER_OBJECT_CONVERSION = YES_AGGRESSIVE;
				CLANG_CXX_LANGUAGE_STANDARD = "gnu++17";
				CLANG_ENABLE_MODULES = YES;
				CLANG_ENABLE_OBJC_ARC = YES;
				CLANG_ENABLE_OBJC_WEAK = YES;
				CLANG_WARN_BLOCK_CAPTURE_AUTORELEASING = YES;
				CLANG_WARN_BOOL_CONVERSION = YES;
				CLANG_WARN_COMMA = YES;
				CLANG_WARN_CONSTANT_CONVERSION = YES;
				CLANG_WARN_DEPRECATED_OBJC_IMPLEMENTATIONS = YES;
				CLANG_WARN_DIRECT_OBJC_ISA_USAGE = YES_ERROR;
				CLANG_WARN_DOCUMENTATION_COMMENTS = YES;
				CLANG_WARN_EMPTY_BODY = YES;
				CLANG_WARN_ENUM_CONVERSION = YES;
				CLANG_WARN_INFINITE_RECURSION = YES;
				CLANG_WARN_INT_CONVERSION = YES;
				CLANG_WARN_NON_LITERAL_NULL_CONVERSION = YES;
				CLANG_WARN_OBJC_IMPLICIT_RETAIN_SELF = YES;
				CLANG_WARN_OBJC_LITERAL_CONVERSION = YES;
				CLANG_WARN_OBJC_ROOT_CLASS = YES_ERROR;
				CLANG_WARN_QUOTED_INCLUDE_IN_FRAMEWORK_HEADER = YES;
				CLANG_WARN_RANGE_LOOP_ANALYSIS = YES;
				CLANG_WARN_STRICT_PROTOTYPES = YES;
				CLANG_WARN_SUSPICIOUS_MOVE = YES;
				CLANG_WARN_UNGUARDED_AVAILABILITY = YES_AGGRESSIVE;
				CLANG_WARN_UNREACHABLE_CODE = YES;
				CLANG_WARN__DUPLICATE_METHOD_MATCH = YES;
				COPY_PHASE_STRIP = NO;
				DEBUG_INFORMATION_FORMAT = dwarf;
				ENABLE_STRICT_OBJC_MSGSEND = YES;
				ENABLE_TESTABILITY = YES;
				GCC_C_LANGUAGE_STANDARD = gnu11;
				GCC_DYNAMIC_NO_PIC = NO;
				GCC_NO_COMMON_BLOCKS = YES;
				GCC_OPTIMIZATION_LEVEL = 0;
				GCC_PREPROCESSOR_DEFINITIONS = (
					"DEBUG=1",
					"$(inherited)",
				);
				GCC_WARN_64_TO_32_BIT_CONVERSION = YES;
				GCC_WARN_ABOUT_RETURN_TYPE = YES_ERROR;
				GCC_WARN_UNDECLARED_SELECTOR = YES;
				GCC_WARN_UNINITIALIZED_AUTOS = YES_AGGRESSIVE;
				GCC_WARN_UNUSED_FUNCTION = YES;
				GCC_WARN_UNUSED_VARIABLE = YES;
				IPHONEOS_DEPLOYMENT_TARGET = 15.4;
				MTL_ENABLE_DEBUG_INFO = INCLUDE_SOURCE;
				MTL_FAST_MATH = YES;
				ONLY_ACTIVE_ARCH = YES;
				SDKROOT = iphoneos;
				SWIFT_ACTIVE_COMPILATION_CONDITIONS = DEBUG;
				SWIFT_OPTIMIZATION_LEVEL = "-Onone";
			};
			name = Debug;
		};
		5D3872F427F1D8E9007B9A6C /* Release */ = {
			isa = XCBuildConfiguration;
			buildSettings = {
				ALWAYS_SEARCH_USER_PATHS = NO;
				CLANG_ANALYZER_NONNULL = YES;
				CLANG_ANALYZER_NUMBER_OBJECT_CONVERSION = YES_AGGRESSIVE;
				CLANG_CXX_LANGUAGE_STANDARD = "gnu++17";
				CLANG_ENABLE_MODULES = YES;
				CLANG_ENABLE_OBJC_ARC = YES;
				CLANG_ENABLE_OBJC_WEAK = YES;
				CLANG_WARN_BLOCK_CAPTURE_AUTORELEASING = YES;
				CLANG_WARN_BOOL_CONVERSION = YES;
				CLANG_WARN_COMMA = YES;
				CLANG_WARN_CONSTANT_CONVERSION = YES;
				CLANG_WARN_DEPRECATED_OBJC_IMPLEMENTATIONS = YES;
				CLANG_WARN_DIRECT_OBJC_ISA_USAGE = YES_ERROR;
				CLANG_WARN_DOCUMENTATION_COMMENTS = YES;
				CLANG_WARN_EMPTY_BODY = YES;
				CLANG_WARN_ENUM_CONVERSION = YES;
				CLANG_WARN_INFINITE_RECURSION = YES;
				CLANG_WARN_INT_CONVERSION = YES;
				CLANG_WARN_NON_LITERAL_NULL_CONVERSION = YES;
				CLANG_WARN_OBJC_IMPLICIT_RETAIN_SELF = YES;
				CLANG_WARN_OBJC_LITERAL_CONVERSION = YES;
				CLANG_WARN_OBJC_ROOT_CLASS = YES_ERROR;
				CLANG_WARN_QUOTED_INCLUDE_IN_FRAMEWORK_HEADER = YES;
				CLANG_WARN_RANGE_LOOP_ANALYSIS = YES;
				CLANG_WARN_STRICT_PROTOTYPES = YES;
				CLANG_WARN_SUSPICIOUS_MOVE = YES;
				CLANG_WARN_UNGUARDED_AVAILABILITY = YES_AGGRESSIVE;
				CLANG_WARN_UNREACHABLE_CODE = YES;
				CLANG_WARN__DUPLICATE_METHOD_MATCH = YES;
				COPY_PHASE_STRIP = NO;
				DEBUG_INFORMATION_FORMAT = "dwarf-with-dsym";
				ENABLE_NS_ASSERTIONS = NO;
				ENABLE_STRICT_OBJC_MSGSEND = YES;
				GCC_C_LANGUAGE_STANDARD = gnu11;
				GCC_NO_COMMON_BLOCKS = YES;
				GCC_WARN_64_TO_32_BIT_CONVERSION = YES;
				GCC_WARN_ABOUT_RETURN_TYPE = YES_ERROR;
				GCC_WARN_UNDECLARED_SELECTOR = YES;
				GCC_WARN_UNINITIALIZED_AUTOS = YES_AGGRESSIVE;
				GCC_WARN_UNUSED_FUNCTION = YES;
				GCC_WARN_UNUSED_VARIABLE = YES;
				IPHONEOS_DEPLOYMENT_TARGET = 15.4;
				MTL_ENABLE_DEBUG_INFO = NO;
				MTL_FAST_MATH = YES;
				SDKROOT = iphoneos;
				SWIFT_COMPILATION_MODE = wholemodule;
				SWIFT_OPTIMIZATION_LEVEL = "-O";
				VALIDATE_PRODUCT = YES;
			};
			name = Release;
		};
		5D3872F627F1D8E9007B9A6C /* Debug */ = {
			isa = XCBuildConfiguration;
			buildSettings = {
				ASSETCATALOG_COMPILER_APPICON_NAME = AppIcon;
				ASSETCATALOG_COMPILER_GLOBAL_ACCENT_COLOR_NAME = AccentColor;
				CODE_SIGN_STYLE = Automatic;
				CURRENT_PROJECT_VERSION = 1;
				DEVELOPMENT_ASSET_PATHS = "\"Pomidoro/Preview Content\"";
				DEVELOPMENT_TEAM = 894H53NVRQ;
				ENABLE_PREVIEWS = YES;
				GENERATE_INFOPLIST_FILE = YES;
				INFOPLIST_KEY_UIApplicationSceneManifest_Generation = YES;
				INFOPLIST_KEY_UIApplicationSupportsIndirectInputEvents = YES;
				INFOPLIST_KEY_UILaunchScreen_Generation = YES;
				INFOPLIST_KEY_UISupportedInterfaceOrientations = UIInterfaceOrientationPortrait;
				INFOPLIST_KEY_UISupportedInterfaceOrientations_iPad = "UIInterfaceOrientationPortrait UIInterfaceOrientationPortraitUpsideDown UIInterfaceOrientationLandscapeLeft UIInterfaceOrientationLandscapeRight";
				INFOPLIST_KEY_UISupportedInterfaceOrientations_iPhone = "UIInterfaceOrientationPortrait UIInterfaceOrientationLandscapeLeft UIInterfaceOrientationLandscapeRight";
				LD_RUNPATH_SEARCH_PATHS = (
					"$(inherited)",
					"@executable_path/Frameworks",
				);
				MARKETING_VERSION = 1.0;
				PRODUCT_BUNDLE_IDENTIFIER = Taranov.Pomidoro;
				PRODUCT_NAME = "$(TARGET_NAME)";
				SWIFT_EMIT_LOC_STRINGS = YES;
				SWIFT_VERSION = 5.0;
				TARGETED_DEVICE_FAMILY = "1,2";
			};
			name = Debug;
		};
		5D3872F727F1D8E9007B9A6C /* Release */ = {
			isa = XCBuildConfiguration;
			buildSettings = {
				ASSETCATALOG_COMPILER_APPICON_NAME = AppIcon;
				ASSETCATALOG_COMPILER_GLOBAL_ACCENT_COLOR_NAME = AccentColor;
				CODE_SIGN_STYLE = Automatic;
				CURRENT_PROJECT_VERSION = 1;
				DEVELOPMENT_ASSET_PATHS = "\"Pomidoro/Preview Content\"";
				DEVELOPMENT_TEAM = 894H53NVRQ;
				ENABLE_PREVIEWS = YES;
				GENERATE_INFOPLIST_FILE = YES;
				INFOPLIST_KEY_UIApplicationSceneManifest_Generation = YES;
				INFOPLIST_KEY_UIApplicationSupportsIndirectInputEvents = YES;
				INFOPLIST_KEY_UILaunchScreen_Generation = YES;
				INFOPLIST_KEY_UISupportedInterfaceOrientations = UIInterfaceOrientationPortrait;
				INFOPLIST_KEY_UISupportedInterfaceOrientations_iPad = "UIInterfaceOrientationPortrait UIInterfaceOrientationPortraitUpsideDown UIInterfaceOrientationLandscapeLeft UIInterfaceOrientationLandscapeRight";
				INFOPLIST_KEY_UISupportedInterfaceOrientations_iPhone = "UIInterfaceOrientationPortrait UIInterfaceOrientationLandscapeLeft UIInterfaceOrientationLandscapeRight";
				LD_RUNPATH_SEARCH_PATHS = (
					"$(inherited)",
					"@executable_path/Frameworks",
				);
				MARKETING_VERSION = 1.0;
				PRODUCT_BUNDLE_IDENTIFIER = Taranov.Pomidoro;
				PRODUCT_NAME = "$(TARGET_NAME)";
				SWIFT_EMIT_LOC_STRINGS = YES;
				SWIFT_VERSION = 5.0;
				TARGETED_DEVICE_FAMILY = "1,2";
			};
			name = Release;
		};
/* End XCBuildConfiguration section */

/* Begin XCConfigurationList section */
		5D3872E227F1D8E7007B9A6C /* Build configuration list for PBXProject "Pomidoro" */ = {
			isa = XCConfigurationList;
			buildConfigurations = (
				5D3872F327F1D8E9007B9A6C /* Debug */,
				5D3872F427F1D8E9007B9A6C /* Release */,
			);
			defaultConfigurationIsVisible = 0;
			defaultConfigurationName = Release;
		};
		5D3872F527F1D8E9007B9A6C /* Build configuration list for PBXNativeTarget "Pomidoro" */ = {
			isa = XCConfigurationList;
			buildConfigurations = (
				5D3872F627F1D8E9007B9A6C /* Debug */,
				5D3872F727F1D8E9007B9A6C /* Release */,
			);
			defaultConfigurationIsVisible = 0;
			defaultConfigurationName = Release;
		};
/* End XCConfigurationList section */

/* Begin XCVersionGroup section */
		5D6B9FA928184EFB00F64E08 /* PomidoroAppData.xcdatamodeld */ = {
			isa = XCVersionGroup;
			children = (
				5D6B9FAA28184EFB00F64E08 /* PomidoroAppData.xcdatamodel */,
			);
			currentVersion = 5D6B9FAA28184EFB00F64E08 /* PomidoroAppData.xcdatamodel */;
			path = PomidoroAppData.xcdatamodeld;
			sourceTree = "<group>";
			versionGroupType = wrapper.xcdatamodel;
		};
/* End XCVersionGroup section */
	};
	rootObject = 5D3872DF27F1D8E7007B9A6C /* Project object */;
}
